
Microsoft Visual Studio Solution File, Format Version 12.00
# Visual Studio Version 17
VisualStudioVersion = 17.14.36414.22
MinimumVisualStudioVersion = 10.0.40219.1
Project("{FAE04EC0-301F-11D3-BF4B-00C04F79EFBC}") = "PhotoAlbumCreator", "PhotoAlbumCreator\PhotoAlbumCreator.csproj", "{CEDDC984-A5BB-BE5B-2EB7-B030E5F805C2}"
EndProject
Project("{FAE04EC0-301F-11D3-BF4B-00C04F79EFBC}") = "PhotoAlbumCreator.Tests", "PhotoAlbumCreator.Tests\PhotoAlbumCreator.Tests.csproj", "{006B7495-07F2-42EA-8802-12C2D602BAF4}"
EndProject
Global
	GlobalSection(SolutionConfigurationPlatforms) = preSolution
		Debug|Any CPU = Debug|Any CPU
		Release|Any CPU = Release|Any CPU
	EndGlobalSection
	GlobalSection(ProjectConfigurationPlatforms) = postSolution
		{CEDDC984-A5BB-BE5B-2EB7-B030E5F805C2}.Debug|Any CPU.ActiveCfg = Debug|Any CPU
		{CEDDC984-A5BB-BE5B-2EB7-B030E5F805C2}.Debug|Any CPU.Build.0 = Debug|Any CPU
		{CEDDC984-A5BB-BE5B-2EB7-B030E5F805C2}.Release|Any CPU.ActiveCfg = Release|Any CPU
		{CEDDC984-A5BB-BE5B-2EB7-B030E5F805C2}.Release|Any CPU.Build.0 = Release|Any CPU
		{006B7495-07F2-42EA-8802-12C2D602BAF4}.Debug|Any CPU.ActiveCfg = Debug|Any CPU
		{006B7495-07F2-42EA-8802-12C2D602BAF4}.Debug|Any CPU.Build.0 = Debug|Any CPU
		{006B7495-07F2-42EA-8802-12C2D602BAF4}.Release|Any CPU.ActiveCfg = Release|Any CPU
		{006B7495-07F2-42EA-8802-12C2D602BAF4}.Release|Any CPU.Build.0 = Release|Any CPU
	EndGlobalSection
	GlobalSection(SolutionProperties) = preSolution
		HideSolutionNode = FALSE
	EndGlobalSection
	GlobalSection(ExtensibilityGlobals) = postSolution
		SolutionGuid = {2872A810-642D-4A27-A943-A1A56930A38E}
	EndGlobalSection
EndGlobal
